
Microsoft Visual Studio Solution File, Format Version 11.00
# Visual Studio 2010 Express for Windows Phone
Project("{FAE04EC0-301F-11D3-BF4B-00C04F79EFBC}") = "LocationExample", "LocationExample\LocationExample.csproj", "{6E2E3E22-4CC7-4E32-99BE-31722119EEEE}"
EndProject
Global
	GlobalSection(SolutionConfigurationPlatforms) = preSolution
		Debug|Any CPU = Debug|Any CPU
		Release|Any CPU = Release|Any CPU
	EndGlobalSection
	GlobalSection(ProjectConfigurationPlatforms) = postSolution
		{6E2E3E22-4CC7-4E32-99BE-31722119EEEE}.Debug|Any CPU.ActiveCfg = Debug|Any CPU
		{6E2E3E22-4CC7-4E32-99BE-31722119EEEE}.Debug|Any CPU.Build.0 = Debug|Any CPU
		{6E2E3E22-4CC7-4E32-99BE-31722119EEEE}.Debug|Any CPU.Deploy.0 = Debug|Any CPU
		{6E2E3E22-4CC7-4E32-99BE-31722119EEEE}.Release|Any CPU.ActiveCfg = Release|Any CPU
		{6E2E3E22-4CC7-4E32-99BE-31722119EEEE}.Release|Any CPU.Build.0 = Release|Any CPU
		{6E2E3E22-4CC7-4E32-99BE-31722119EEEE}.Release|Any CPU.Deploy.0 = Release|Any CPU
	EndGlobalSection
	GlobalSection(SolutionProperties) = preSolution
		HideSolutionNode = FALSE
	EndGlobalSection
EndGlobal
